// !$*UTF8*$!
{
	archiveVersion = 1;
	classes = {
	};
	objectVersion = 50;
	objects = {

/* Begin PBXBuildFile section */
		6F795F7C216878FB0090F5CA /* main.cpp in Sources */ = {isa = PBXBuildFile; fileRef = 6F795F7B216878FB0090F5CA /* main.cpp */; };
		6F795F8C21687AD60090F5CA /* action_recognition.cpp in Sources */ = {isa = PBXBuildFile; fileRef = 6F795F8A21687AD60090F5CA /* action_recognition.cpp */; };
		6F795F8F21687B280090F5CA /* util.cpp in Sources */ = {isa = PBXBuildFile; fileRef = 6F795F8D21687B280090F5CA /* util.cpp */; };
		6F795F9221687B4E0090F5CA /* Vibe.cpp in Sources */ = {isa = PBXBuildFile; fileRef = 6F795F9021687B4E0090F5CA /* Vibe.cpp */; };
		6F795F9521687B6C0090F5CA /* ZernikeMoment.cpp in Sources */ = {isa = PBXBuildFile; fileRef = 6F795F9321687B6C0090F5CA /* ZernikeMoment.cpp */; };
		6F795F9721688E8E0090F5CA /* libopencv_aruco.3.4.0.dylib in Frameworks */ = {isa = PBXBuildFile; fileRef = 6F795F9621688E8E0090F5CA /* libopencv_aruco.3.4.0.dylib */; };
		6F795FED21688F330090F5CA /* libopencv_datasets.3.4.0.dylib in Frameworks */ = {isa = PBXBuildFile; fileRef = 6F795F9821688F270090F5CA /* libopencv_datasets.3.4.0.dylib */; };
		6F795FF021688F330090F5CA /* libopencv_ccalib.3.4.0.dylib in Frameworks */ = {isa = PBXBuildFile; fileRef = 6F795F9B21688F280090F5CA /* libopencv_ccalib.3.4.0.dylib */; };
		6F795FF121688F330090F5CA /* libopencv_bgsegm.3.4.0.dylib in Frameworks */ = {isa = PBXBuildFile; fileRef = 6F795F9C21688F280090F5CA /* libopencv_bgsegm.3.4.0.dylib */; };
		6F795FF221688F330090F5CA /* libopencv_structured_light.3.4.0.dylib in Frameworks */ = {isa = PBXBuildFile; fileRef = 6F795F9D21688F280090F5CA /* libopencv_structured_light.3.4.0.dylib */; };
		6F795FF321688F330090F5CA /* libopencv_shape.3.4.0.dylib in Frameworks */ = {isa = PBXBuildFile; fileRef = 6F795F9E21688F280090F5CA /* libopencv_shape.3.4.0.dylib */; };
		6F795FF421688F330090F5CA /* libopencv_surface_matching.3.4.0.dylib in Frameworks */ = {isa = PBXBuildFile; fileRef = 6F795F9F21688F280090F5CA /* libopencv_surface_matching.3.4.0.dylib */; };
		6F795FF621688F330090F5CA /* libopencv_imgcodecs.3.4.0.dylib in Frameworks */ = {isa = PBXBuildFile; fileRef = 6F795FA121688F280090F5CA /* libopencv_imgcodecs.3.4.0.dylib */; };
		6F795FF821688F330090F5CA /* libopencv_saliency.3.4.0.dylib in Frameworks */ = {isa = PBXBuildFile; fileRef = 6F795FA321688F280090F5CA /* libopencv_saliency.3.4.0.dylib */; };
		6F795FF921688F330090F5CA /* libopencv_ximgproc.3.4.0.dylib in Frameworks */ = {isa = PBXBuildFile; fileRef = 6F795FA421688F290090F5CA /* libopencv_ximgproc.3.4.0.dylib */; };
		6F795FFB21688F330090F5CA /* libopencv_video.3.4.0.dylib in Frameworks */ = {isa = PBXBuildFile; fileRef = 6F795FA621688F290090F5CA /* libopencv_video.3.4.0.dylib */; };
		6F795FFC21688F330090F5CA /* libopencv_dnn.3.4.0.dylib in Frameworks */ = {isa = PBXBuildFile; fileRef = 6F795FA721688F290090F5CA /* libopencv_dnn.3.4.0.dylib */; };
		6F795FFD21688F330090F5CA /* libopencv_ml.3.4.0.dylib in Frameworks */ = {isa = PBXBuildFile; fileRef = 6F795FA821688F290090F5CA /* libopencv_ml.3.4.0.dylib */; };
		6F79600121688F330090F5CA /* libopencv_xfeatures2d.3.4.0.dylib in Frameworks */ = {isa = PBXBuildFile; fileRef = 6F795FAC21688F290090F5CA /* libopencv_xfeatures2d.3.4.0.dylib */; };
		6F79600621688F330090F5CA /* libopencv_stereo.3.4.0.dylib in Frameworks */ = {isa = PBXBuildFile; fileRef = 6F795FB121688F2A0090F5CA /* libopencv_stereo.3.4.0.dylib */; };
		6F79600C21688F330090F5CA /* libopencv_xobjdetect.3.4.0.dylib in Frameworks */ = {isa = PBXBuildFile; fileRef = 6F795FB721688F2B0090F5CA /* libopencv_xobjdetect.3.4.0.dylib */; };
		6F79601021688F330090F5CA /* libopencv_videostab.3.4.0.dylib in Frameworks */ = {isa = PBXBuildFile; fileRef = 6F795FBB21688F2B0090F5CA /* libopencv_videostab.3.4.0.dylib */; };
		6F79601321688F330090F5CA /* libopencv_optflow.3.4.0.dylib in Frameworks */ = {isa = PBXBuildFile; fileRef = 6F795FBE21688F2B0090F5CA /* libopencv_optflow.3.4.0.dylib */; };
		6F79601521688F330090F5CA /* libopencv_features2d.3.4.0.dylib in Frameworks */ = {isa = PBXBuildFile; fileRef = 6F795FC021688F2B0090F5CA /* libopencv_features2d.3.4.0.dylib */; };
		6F79601621688F330090F5CA /* libopencv_plot.3.4.0.dylib in Frameworks */ = {isa = PBXBuildFile; fileRef = 6F795FC121688F2B0090F5CA /* libopencv_plot.3.4.0.dylib */; };
		6F79601C21688F330090F5CA /* libopencv_line_descriptor.3.4.0.dylib in Frameworks */ = {isa = PBXBuildFile; fileRef = 6F795FC721688F2C0090F5CA /* libopencv_line_descriptor.3.4.0.dylib */; };
		6F79601D21688F330090F5CA /* libopencv_objdetect.3.4.0.dylib in Frameworks */ = {isa = PBXBuildFile; fileRef = 6F795FC821688F2C0090F5CA /* libopencv_objdetect.3.4.0.dylib */; };
		6F79602121688F330090F5CA /* libopencv_flann.3.4.0.dylib in Frameworks */ = {isa = PBXBuildFile; fileRef = 6F795FCC21688F2D0090F5CA /* libopencv_flann.3.4.0.dylib */; };
		6F79602521688F330090F5CA /* libopencv_tracking.3.4.0.dylib in Frameworks */ = {isa = PBXBuildFile; fileRef = 6F795FD021688F2D0090F5CA /* libopencv_tracking.3.4.0.dylib */; };
		6F79602621688F330090F5CA /* libopencv_img_hash.3.4.0.dylib in Frameworks */ = {isa = PBXBuildFile; fileRef = 6F795FD121688F2E0090F5CA /* libopencv_img_hash.3.4.0.dylib */; };
		6F79602721688F330090F5CA /* libopencv_core.3.4.0.dylib in Frameworks */ = {isa = PBXBuildFile; fileRef = 6F795FD221688F2E0090F5CA /* libopencv_core.3.4.0.dylib */; };
		6F79602821688F330090F5CA /* libopencv_imgproc.3.4.0.dylib in Frameworks */ = {isa = PBXBuildFile; fileRef = 6F795FD321688F2E0090F5CA /* libopencv_imgproc.3.4.0.dylib */; };
		6F79602921688F330090F5CA /* libopencv_bioinspired.3.4.0.dylib in Frameworks */ = {isa = PBXBuildFile; fileRef = 6F795FD421688F2E0090F5CA /* libopencv_bioinspired.3.4.0.dylib */; };
		6F79602A21688F330090F5CA /* libopencv_phase_unwrapping.3.4.0.dylib in Frameworks */ = {isa = PBXBuildFile; fileRef = 6F795FD521688F2E0090F5CA /* libopencv_phase_unwrapping.3.4.0.dylib */; };
		6F79602B21688F330090F5CA /* libopencv_highgui.3.4.0.dylib in Frameworks */ = {isa = PBXBuildFile; fileRef = 6F795FD621688F2E0090F5CA /* libopencv_highgui.3.4.0.dylib */; };
		6F79602D21688F330090F5CA /* libopencv_stitching.3.4.0.dylib in Frameworks */ = {isa = PBXBuildFile; fileRef = 6F795FD821688F2F0090F5CA /* libopencv_stitching.3.4.0.dylib */; };
		6F79602E21688F330090F5CA /* libopencv_superres.3.4.0.dylib in Frameworks */ = {isa = PBXBuildFile; fileRef = 6F795FD921688F2F0090F5CA /* libopencv_superres.3.4.0.dylib */; };
		6F79602F21688F330090F5CA /* libopencv_dpm.3.4.0.dylib in Frameworks */ = {isa = PBXBuildFile; fileRef = 6F795FDA21688F2F0090F5CA /* libopencv_dpm.3.4.0.dylib */; };
		6F79603121688F330090F5CA /* libopencv_videoio.3.4.0.dylib in Frameworks */ = {isa = PBXBuildFile; fileRef = 6F795FDC21688F300090F5CA /* libopencv_videoio.3.4.0.dylib */; };
		6F79603221688F330090F5CA /* libopencv_xphoto.3.4.0.dylib in Frameworks */ = {isa = PBXBuildFile; fileRef = 6F795FDD21688F300090F5CA /* libopencv_xphoto.3.4.0.dylib */; };
		6F79603321688F330090F5CA /* libopencv_text.3.4.0.dylib in Frameworks */ = {isa = PBXBuildFile; fileRef = 6F795FDE21688F300090F5CA /* libopencv_text.3.4.0.dylib */; };
		6F79603521688F330090F5CA /* libopencv_face.3.4.0.dylib in Frameworks */ = {isa = PBXBuildFile; fileRef = 6F795FE021688F300090F5CA /* libopencv_face.3.4.0.dylib */; };
		6F79603621688F330090F5CA /* libopencv_fuzzy.3.4.0.dylib in Frameworks */ = {isa = PBXBuildFile; fileRef = 6F795FE121688F300090F5CA /* libopencv_fuzzy.3.4.0.dylib */; };
		6F79603B21688F330090F5CA /* libopencv_photo.3.4.0.dylib in Frameworks */ = {isa = PBXBuildFile; fileRef = 6F795FE621688F320090F5CA /* libopencv_photo.3.4.0.dylib */; };
		6F79603D21688F330090F5CA /* libopencv_rgbd.3.4.0.dylib in Frameworks */ = {isa = PBXBuildFile; fileRef = 6F795FE821688F320090F5CA /* libopencv_rgbd.3.4.0.dylib */; };
		6F79604021688F330090F5CA /* libopencv_calib3d.3.4.0.dylib in Frameworks */ = {isa = PBXBuildFile; fileRef = 6F795FEB21688F320090F5CA /* libopencv_calib3d.3.4.0.dylib */; };
		6F79604121688F330090F5CA /* libopencv_reg.3.4.0.dylib in Frameworks */ = {isa = PBXBuildFile; fileRef = 6F795FEC21688F330090F5CA /* libopencv_reg.3.4.0.dylib */; };
/* End PBXBuildFile section */

/* Begin PBXCopyFilesBuildPhase section */
		6F795F76216878FB0090F5CA /* CopyFiles */ = {
			isa = PBXCopyFilesBuildPhase;
			buildActionMask = 2147483647;
			dstPath = /usr/share/man/man1/;
			dstSubfolderSpec = 0;
			files = (
			);
			runOnlyForDeploymentPostprocessing = 1;
		};
/* End PBXCopyFilesBuildPhase section */

/* Begin PBXFileReference section */
		6F795F78216878FB0090F5CA /* mac_action_recognition */ = {isa = PBXFileReference; explicitFileType = "compiled.mach-o.executable"; includeInIndex = 0; path = mac_action_recognition; sourceTree = BUILT_PRODUCTS_DIR; };
		6F795F7B216878FB0090F5CA /* main.cpp */ = {isa = PBXFileReference; lastKnownFileType = sourcecode.cpp.cpp; path = main.cpp; sourceTree = "<group>"; };
		6F795F8421687A140090F5CA /* action_recognition.h */ = {isa = PBXFileReference; lastKnownFileType = sourcecode.c.h; path = action_recognition.h; sourceTree = "<group>"; };
		6F795F8521687A460090F5CA /* CvHMM.h */ = {isa = PBXFileReference; lastKnownFileType = sourcecode.c.h; path = CvHMM.h; sourceTree = "<group>"; };
		6F795F8621687A6F0090F5CA /* util.h */ = {isa = PBXFileReference; lastKnownFileType = sourcecode.c.h; path = util.h; sourceTree = "<group>"; };
		6F795F8721687A820090F5CA /* Vibe.h */ = {isa = PBXFileReference; lastKnownFileType = sourcecode.c.h; path = Vibe.h; sourceTree = "<group>"; };
		6F795F8821687AA40090F5CA /* ZernikeMoment.h */ = {isa = PBXFileReference; lastKnownFileType = sourcecode.c.h; path = ZernikeMoment.h; sourceTree = "<group>"; };
		6F795F8A21687AD60090F5CA /* action_recognition.cpp */ = {isa = PBXFileReference; lastKnownFileType = sourcecode.cpp.cpp; path = action_recognition.cpp; sourceTree = "<group>"; };
		6F795F8D21687B280090F5CA /* util.cpp */ = {isa = PBXFileReference; lastKnownFileType = sourcecode.cpp.cpp; path = util.cpp; sourceTree = "<group>"; };
		6F795F9021687B4E0090F5CA /* Vibe.cpp */ = {isa = PBXFileReference; lastKnownFileType = sourcecode.cpp.cpp; path = Vibe.cpp; sourceTree = "<group>"; };
		6F795F9321687B6C0090F5CA /* ZernikeMoment.cpp */ = {isa = PBXFileReference; lastKnownFileType = sourcecode.cpp.cpp; path = ZernikeMoment.cpp; sourceTree = "<group>"; };
		6F795F9621688E8E0090F5CA /* libopencv_aruco.3.4.0.dylib */ = {isa = PBXFileReference; lastKnownFileType = "compiled.mach-o.dylib"; name = libopencv_aruco.3.4.0.dylib; path = ../../../../../../usr/local/lib/libopencv_aruco.3.4.0.dylib; sourceTree = "<group>"; };
		6F795F9821688F270090F5CA /* libopencv_datasets.3.4.0.dylib */ = {isa = PBXFileReference; lastKnownFileType = "compiled.mach-o.dylib"; name = libopencv_datasets.3.4.0.dylib; path = ../../../../../../usr/local/lib/libopencv_datasets.3.4.0.dylib; sourceTree = "<group>"; };
		6F795F9B21688F280090F5CA /* libopencv_ccalib.3.4.0.dylib */ = {isa = PBXFileReference; lastKnownFileType = "compiled.mach-o.dylib"; name = libopencv_ccalib.3.4.0.dylib; path = ../../../../../../usr/local/lib/libopencv_ccalib.3.4.0.dylib; sourceTree = "<group>"; };
		6F795F9C21688F280090F5CA /* libopencv_bgsegm.3.4.0.dylib */ = {isa = PBXFileReference; lastKnownFileType = "compiled.mach-o.dylib"; name = libopencv_bgsegm.3.4.0.dylib; path = ../../../../../../usr/local/lib/libopencv_bgsegm.3.4.0.dylib; sourceTree = "<group>"; };
		6F795F9D21688F280090F5CA /* libopencv_structured_light.3.4.0.dylib */ = {isa = PBXFileReference; lastKnownFileType = "compiled.mach-o.dylib"; name = libopencv_structured_light.3.4.0.dylib; path = ../../../../../../usr/local/lib/libopencv_structured_light.3.4.0.dylib; sourceTree = "<group>"; };
		6F795F9E21688F280090F5CA /* libopencv_shape.3.4.0.dylib */ = {isa = PBXFileReference; lastKnownFileType = "compiled.mach-o.dylib"; name = libopencv_shape.3.4.0.dylib; path = ../../../../../../usr/local/lib/libopencv_shape.3.4.0.dylib; sourceTree = "<group>"; };
		6F795F9F21688F280090F5CA /* libopencv_surface_matching.3.4.0.dylib */ = {isa = PBXFileReference; lastKnownFileType = "compiled.mach-o.dylib"; name = libopencv_surface_matching.3.4.0.dylib; path = ../../../../../../usr/local/lib/libopencv_surface_matching.3.4.0.dylib; sourceTree = "<group>"; };
		6F795FA121688F280090F5CA /* libopencv_imgcodecs.3.4.0.dylib */ = {isa = PBXFileReference; lastKnownFileType = "compiled.mach-o.dylib"; name = libopencv_imgcodecs.3.4.0.dylib; path = ../../../../../../usr/local/lib/libopencv_imgcodecs.3.4.0.dylib; sourceTree = "<group>"; };
		6F795FA321688F280090F5CA /* libopencv_saliency.3.4.0.dylib */ = {isa = PBXFileReference; lastKnownFileType = "compiled.mach-o.dylib"; name = libopencv_saliency.3.4.0.dylib; path = ../../../../../../usr/local/lib/libopencv_saliency.3.4.0.dylib; sourceTree = "<group>"; };
		6F795FA421688F290090F5CA /* libopencv_ximgproc.3.4.0.dylib */ = {isa = PBXFileReference; lastKnownFileType = "compiled.mach-o.dylib"; name = libopencv_ximgproc.3.4.0.dylib; path = ../../../../../../usr/local/lib/libopencv_ximgproc.3.4.0.dylib; sourceTree = "<group>"; };
		6F795FA621688F290090F5CA /* libopencv_video.3.4.0.dylib */ = {isa = PBXFileReference; lastKnownFileType = "compiled.mach-o.dylib"; name = libopencv_video.3.4.0.dylib; path = ../../../../../../usr/local/lib/libopencv_video.3.4.0.dylib; sourceTree = "<group>"; };
		6F795FA721688F290090F5CA /* libopencv_dnn.3.4.0.dylib */ = {isa = PBXFileReference; lastKnownFileType = "compiled.mach-o.dylib"; name = libopencv_dnn.3.4.0.dylib; path = ../../../../../../usr/local/lib/libopencv_dnn.3.4.0.dylib; sourceTree = "<group>"; };
		6F795FA821688F290090F5CA /* libopencv_ml.3.4.0.dylib */ = {isa = PBXFileReference; lastKnownFileType = "compiled.mach-o.dylib"; name = libopencv_ml.3.4.0.dylib; path = ../../../../../../usr/local/lib/libopencv_ml.3.4.0.dylib; sourceTree = "<group>"; };
		6F795FAC21688F290090F5CA /* libopencv_xfeatures2d.3.4.0.dylib */ = {isa = PBXFileReference; lastKnownFileType = "compiled.mach-o.dylib"; name = libopencv_xfeatures2d.3.4.0.dylib; path = ../../../../../../usr/local/lib/libopencv_xfeatures2d.3.4.0.dylib; sourceTree = "<group>"; };
		6F795FB121688F2A0090F5CA /* libopencv_stereo.3.4.0.dylib */ = {isa = PBXFileReference; lastKnownFileType = "compiled.mach-o.dylib"; name = libopencv_stereo.3.4.0.dylib; path = ../../../../../../usr/local/lib/libopencv_stereo.3.4.0.dylib; sourceTree = "<group>"; };
		6F795FB721688F2B0090F5CA /* libopencv_xobjdetect.3.4.0.dylib */ = {isa = PBXFileReference; lastKnownFileType = "compiled.mach-o.dylib"; name = libopencv_xobjdetect.3.4.0.dylib; path = ../../../../../../usr/local/lib/libopencv_xobjdetect.3.4.0.dylib; sourceTree = "<group>"; };
		6F795FBB21688F2B0090F5CA /* libopencv_videostab.3.4.0.dylib */ = {isa = PBXFileReference; lastKnownFileType = "compiled.mach-o.dylib"; name = libopencv_videostab.3.4.0.dylib; path = ../../../../../../usr/local/lib/libopencv_videostab.3.4.0.dylib; sourceTree = "<group>"; };
		6F795FBE21688F2B0090F5CA /* libopencv_optflow.3.4.0.dylib */ = {isa = PBXFileReference; lastKnownFileType = "compiled.mach-o.dylib"; name = libopencv_optflow.3.4.0.dylib; path = ../../../../../../usr/local/lib/libopencv_optflow.3.4.0.dylib; sourceTree = "<group>"; };
		6F795FC021688F2B0090F5CA /* libopencv_features2d.3.4.0.dylib */ = {isa = PBXFileReference; lastKnownFileType = "compiled.mach-o.dylib"; name = libopencv_features2d.3.4.0.dylib; path = ../../../../../../usr/local/lib/libopencv_features2d.3.4.0.dylib; sourceTree = "<group>"; };
		6F795FC121688F2B0090F5CA /* libopencv_plot.3.4.0.dylib */ = {isa = PBXFileReference; lastKnownFileType = "compiled.mach-o.dylib"; name = libopencv_plot.3.4.0.dylib; path = ../../../../../../usr/local/lib/libopencv_plot.3.4.0.dylib; sourceTree = "<group>"; };
		6F795FC721688F2C0090F5CA /* libopencv_line_descriptor.3.4.0.dylib */ = {isa = PBXFileReference; lastKnownFileType = "compiled.mach-o.dylib"; name = libopencv_line_descriptor.3.4.0.dylib; path = ../../../../../../usr/local/lib/libopencv_line_descriptor.3.4.0.dylib; sourceTree = "<group>"; };
		6F795FC821688F2C0090F5CA /* libopencv_objdetect.3.4.0.dylib */ = {isa = PBXFileReference; lastKnownFileType = "compiled.mach-o.dylib"; name = libopencv_objdetect.3.4.0.dylib; path = ../../../../../../usr/local/lib/libopencv_objdetect.3.4.0.dylib; sourceTree = "<group>"; };
		6F795FCC21688F2D0090F5CA /* libopencv_flann.3.4.0.dylib */ = {isa = PBXFileReference; lastKnownFileType = "compiled.mach-o.dylib"; name = libopencv_flann.3.4.0.dylib; path = ../../../../../../usr/local/lib/libopencv_flann.3.4.0.dylib; sourceTree = "<group>"; };
		6F795FD021688F2D0090F5CA /* libopencv_tracking.3.4.0.dylib */ = {isa = PBXFileReference; lastKnownFileType = "compiled.mach-o.dylib"; name = libopencv_tracking.3.4.0.dylib; path = ../../../../../../usr/local/lib/libopencv_tracking.3.4.0.dylib; sourceTree = "<group>"; };
		6F795FD121688F2E0090F5CA /* libopencv_img_hash.3.4.0.dylib */ = {isa = PBXFileReference; lastKnownFileType = "compiled.mach-o.dylib"; name = libopencv_img_hash.3.4.0.dylib; path = ../../../../../../usr/local/lib/libopencv_img_hash.3.4.0.dylib; sourceTree = "<group>"; };
		6F795FD221688F2E0090F5CA /* libopencv_core.3.4.0.dylib */ = {isa = PBXFileReference; lastKnownFileType = "compiled.mach-o.dylib"; name = libopencv_core.3.4.0.dylib; path = ../../../../../../usr/local/lib/libopencv_core.3.4.0.dylib; sourceTree = "<group>"; };
		6F795FD321688F2E0090F5CA /* libopencv_imgproc.3.4.0.dylib */ = {isa = PBXFileReference; lastKnownFileType = "compiled.mach-o.dylib"; name = libopencv_imgproc.3.4.0.dylib; path = ../../../../../../usr/local/lib/libopencv_imgproc.3.4.0.dylib; sourceTree = "<group>"; };
		6F795FD421688F2E0090F5CA /* libopencv_bioinspired.3.4.0.dylib */ = {isa = PBXFileReference; lastKnownFileType = "compiled.mach-o.dylib"; name = libopencv_bioinspired.3.4.0.dylib; path = ../../../../../../usr/local/lib/libopencv_bioinspired.3.4.0.dylib; sourceTree = "<group>"; };
		6F795FD521688F2E0090F5CA /* libopencv_phase_unwrapping.3.4.0.dylib */ = {isa = PBXFileReference; lastKnownFileType = "compiled.mach-o.dylib"; name = libopencv_phase_unwrapping.3.4.0.dylib; path = ../../../../../../usr/local/lib/libopencv_phase_unwrapping.3.4.0.dylib; sourceTree = "<group>"; };
		6F795FD621688F2E0090F5CA /* libopencv_highgui.3.4.0.dylib */ = {isa = PBXFileReference; lastKnownFileType = "compiled.mach-o.dylib"; name = libopencv_highgui.3.4.0.dylib; path = ../../../../../../usr/local/lib/libopencv_highgui.3.4.0.dylib; sourceTree = "<group>"; };
		6F795FD821688F2F0090F5CA /* libopencv_stitching.3.4.0.dylib */ = {isa = PBXFileReference; lastKnownFileType = "compiled.mach-o.dylib"; name = libopencv_stitching.3.4.0.dylib; path = ../../../../../../usr/local/lib/libopencv_stitching.3.4.0.dylib; sourceTree = "<group>"; };
		6F795FD921688F2F0090F5CA /* libopencv_superres.3.4.0.dylib */ = {isa = PBXFileReference; lastKnownFileType = "compiled.mach-o.dylib"; name = libopencv_superres.3.4.0.dylib; path = ../../../../../../usr/local/lib/libopencv_superres.3.4.0.dylib; sourceTree = "<group>"; };
		6F795FDA21688F2F0090F5CA /* libopencv_dpm.3.4.0.dylib */ = {isa = PBXFileReference; lastKnownFileType = "compiled.mach-o.dylib"; name = libopencv_dpm.3.4.0.dylib; path = ../../../../../../usr/local/lib/libopencv_dpm.3.4.0.dylib; sourceTree = "<group>"; };
		6F795FDC21688F300090F5CA /* libopencv_videoio.3.4.0.dylib */ = {isa = PBXFileReference; lastKnownFileType = "compiled.mach-o.dylib"; name = libopencv_videoio.3.4.0.dylib; path = ../../../../../../usr/local/lib/libopencv_videoio.3.4.0.dylib; sourceTree = "<group>"; };
		6F795FDD21688F300090F5CA /* libopencv_xphoto.3.4.0.dylib */ = {isa = PBXFileReference; lastKnownFileType = "compiled.mach-o.dylib"; name = libopencv_xphoto.3.4.0.dylib; path = ../../../../../../usr/local/lib/libopencv_xphoto.3.4.0.dylib; sourceTree = "<group>"; };
		6F795FDE21688F300090F5CA /* libopencv_text.3.4.0.dylib */ = {isa = PBXFileReference; lastKnownFileType = "compiled.mach-o.dylib"; name = libopencv_text.3.4.0.dylib; path = ../../../../../../usr/local/lib/libopencv_text.3.4.0.dylib; sourceTree = "<group>"; };
		6F795FE021688F300090F5CA /* libopencv_face.3.4.0.dylib */ = {isa = PBXFileReference; lastKnownFileType = "compiled.mach-o.dylib"; name = libopencv_face.3.4.0.dylib; path = ../../../../../../usr/local/lib/libopencv_face.3.4.0.dylib; sourceTree = "<group>"; };
		6F795FE121688F300090F5CA /* libopencv_fuzzy.3.4.0.dylib */ = {isa = PBXFileReference; lastKnownFileType = "compiled.mach-o.dylib"; name = libopencv_fuzzy.3.4.0.dylib; path = ../../../../../../usr/local/lib/libopencv_fuzzy.3.4.0.dylib; sourceTree = "<group>"; };
		6F795FE621688F320090F5CA /* libopencv_photo.3.4.0.dylib */ = {isa = PBXFileReference; lastKnownFileType = "compiled.mach-o.dylib"; name = libopencv_photo.3.4.0.dylib; path = ../../../../../../usr/local/lib/libopencv_photo.3.4.0.dylib; sourceTree = "<group>"; };
		6F795FE821688F320090F5CA /* libopencv_rgbd.3.4.0.dylib */ = {isa = PBXFileReference; lastKnownFileType = "compiled.mach-o.dylib"; name = libopencv_rgbd.3.4.0.dylib; path = ../../../../../../usr/local/lib/libopencv_rgbd.3.4.0.dylib; sourceTree = "<group>"; };
		6F795FEB21688F320090F5CA /* libopencv_calib3d.3.4.0.dylib */ = {isa = PBXFileReference; lastKnownFileType = "compiled.mach-o.dylib"; name = libopencv_calib3d.3.4.0.dylib; path = ../../../../../../usr/local/lib/libopencv_calib3d.3.4.0.dylib; sourceTree = "<group>"; };
		6F795FEC21688F330090F5CA /* libopencv_reg.3.4.0.dylib */ = {isa = PBXFileReference; lastKnownFileType = "compiled.mach-o.dylib"; name = libopencv_reg.3.4.0.dylib; path = ../../../../../../usr/local/lib/libopencv_reg.3.4.0.dylib; sourceTree = "<group>"; };
/* End PBXFileReference section */

/* Begin PBXFrameworksBuildPhase section */
		6F795F75216878FB0090F5CA /* Frameworks */ = {
			isa = PBXFrameworksBuildPhase;
			buildActionMask = 2147483647;
			files = (
				6F79602A21688F330090F5CA /* libopencv_phase_unwrapping.3.4.0.dylib in Frameworks */,
				6F79601021688F330090F5CA /* libopencv_videostab.3.4.0.dylib in Frameworks */,
				6F79603321688F330090F5CA /* libopencv_text.3.4.0.dylib in Frameworks */,
				6F795FF421688F330090F5CA /* libopencv_surface_matching.3.4.0.dylib in Frameworks */,
				6F79602B21688F330090F5CA /* libopencv_highgui.3.4.0.dylib in Frameworks */,
				6F79603521688F330090F5CA /* libopencv_face.3.4.0.dylib in Frameworks */,
				6F79602121688F330090F5CA /* libopencv_flann.3.4.0.dylib in Frameworks */,
				6F79602621688F330090F5CA /* libopencv_img_hash.3.4.0.dylib in Frameworks */,
				6F79602821688F330090F5CA /* libopencv_imgproc.3.4.0.dylib in Frameworks */,
				6F795FFD21688F330090F5CA /* libopencv_ml.3.4.0.dylib in Frameworks */,
				6F795FF821688F330090F5CA /* libopencv_saliency.3.4.0.dylib in Frameworks */,
				6F79600121688F330090F5CA /* libopencv_xfeatures2d.3.4.0.dylib in Frameworks */,
				6F79601D21688F330090F5CA /* libopencv_objdetect.3.4.0.dylib in Frameworks */,
				6F79603B21688F330090F5CA /* libopencv_photo.3.4.0.dylib in Frameworks */,
				6F795FF321688F330090F5CA /* libopencv_shape.3.4.0.dylib in Frameworks */,
				6F79601321688F330090F5CA /* libopencv_optflow.3.4.0.dylib in Frameworks */,
				6F79602921688F330090F5CA /* libopencv_bioinspired.3.4.0.dylib in Frameworks */,
				6F795F9721688E8E0090F5CA /* libopencv_aruco.3.4.0.dylib in Frameworks */,
				6F795FF621688F330090F5CA /* libopencv_imgcodecs.3.4.0.dylib in Frameworks */,
				6F79604121688F330090F5CA /* libopencv_reg.3.4.0.dylib in Frameworks */,
				6F795FFC21688F330090F5CA /* libopencv_dnn.3.4.0.dylib in Frameworks */,
				6F795FF921688F330090F5CA /* libopencv_ximgproc.3.4.0.dylib in Frameworks */,
				6F79600621688F330090F5CA /* libopencv_stereo.3.4.0.dylib in Frameworks */,
				6F795FFB21688F330090F5CA /* libopencv_video.3.4.0.dylib in Frameworks */,
				6F79602F21688F330090F5CA /* libopencv_dpm.3.4.0.dylib in Frameworks */,
				6F79600C21688F330090F5CA /* libopencv_xobjdetect.3.4.0.dylib in Frameworks */,
				6F795FF021688F330090F5CA /* libopencv_ccalib.3.4.0.dylib in Frameworks */,
				6F79603621688F330090F5CA /* libopencv_fuzzy.3.4.0.dylib in Frameworks */,
				6F79603221688F330090F5CA /* libopencv_xphoto.3.4.0.dylib in Frameworks */,
				6F79602E21688F330090F5CA /* libopencv_superres.3.4.0.dylib in Frameworks */,
				6F79602721688F330090F5CA /* libopencv_core.3.4.0.dylib in Frameworks */,
				6F795FF121688F330090F5CA /* libopencv_bgsegm.3.4.0.dylib in Frameworks */,
				6F79603D21688F330090F5CA /* libopencv_rgbd.3.4.0.dylib in Frameworks */,
				6F79601621688F330090F5CA /* libopencv_plot.3.4.0.dylib in Frameworks */,
				6F795FF221688F330090F5CA /* libopencv_structured_light.3.4.0.dylib in Frameworks */,
				6F79602D21688F330090F5CA /* libopencv_stitching.3.4.0.dylib in Frameworks */,
				6F79602521688F330090F5CA /* libopencv_tracking.3.4.0.dylib in Frameworks */,
				6F79604021688F330090F5CA /* libopencv_calib3d.3.4.0.dylib in Frameworks */,
				6F79601C21688F330090F5CA /* libopencv_line_descriptor.3.4.0.dylib in Frameworks */,
				6F79603121688F330090F5CA /* libopencv_videoio.3.4.0.dylib in Frameworks */,
				6F79601521688F330090F5CA /* libopencv_features2d.3.4.0.dylib in Frameworks */,
				6F795FED21688F330090F5CA /* libopencv_datasets.3.4.0.dylib in Frameworks */,
			);
			runOnlyForDeploymentPostprocessing = 0;
		};
/* End PBXFrameworksBuildPhase section */

/* Begin PBXGroup section */
		6F795F6F216878FB0090F5CA = {
			isa = PBXGroup;
			children = (
				6F795F9C21688F280090F5CA /* libopencv_bgsegm.3.4.0.dylib */,
				6F795FD421688F2E0090F5CA /* libopencv_bioinspired.3.4.0.dylib */,
				6F795FEB21688F320090F5CA /* libopencv_calib3d.3.4.0.dylib */,
				6F795F9B21688F280090F5CA /* libopencv_ccalib.3.4.0.dylib */,
				6F795FD221688F2E0090F5CA /* libopencv_core.3.4.0.dylib */,
				6F795F9821688F270090F5CA /* libopencv_datasets.3.4.0.dylib */,
				6F795FA721688F290090F5CA /* libopencv_dnn.3.4.0.dylib */,
				6F795FDA21688F2F0090F5CA /* libopencv_dpm.3.4.0.dylib */,
				6F795FE021688F300090F5CA /* libopencv_face.3.4.0.dylib */,
				6F795FC021688F2B0090F5CA /* libopencv_features2d.3.4.0.dylib */,
				6F795FCC21688F2D0090F5CA /* libopencv_flann.3.4.0.dylib */,
				6F795FE121688F300090F5CA /* libopencv_fuzzy.3.4.0.dylib */,
				6F795FD621688F2E0090F5CA /* libopencv_highgui.3.4.0.dylib */,
				6F795FD121688F2E0090F5CA /* libopencv_img_hash.3.4.0.dylib */,
				6F795FA121688F280090F5CA /* libopencv_imgcodecs.3.4.0.dylib */,
				6F795FD321688F2E0090F5CA /* libopencv_imgproc.3.4.0.dylib */,
				6F795FC721688F2C0090F5CA /* libopencv_line_descriptor.3.4.0.dylib */,
				6F795FA821688F290090F5CA /* libopencv_ml.3.4.0.dylib */,
				6F795FC821688F2C0090F5CA /* libopencv_objdetect.3.4.0.dylib */,
				6F795FBE21688F2B0090F5CA /* libopencv_optflow.3.4.0.dylib */,
				6F795FD521688F2E0090F5CA /* libopencv_phase_unwrapping.3.4.0.dylib */,
				6F795FE621688F320090F5CA /* libopencv_photo.3.4.0.dylib */,
				6F795FC121688F2B0090F5CA /* libopencv_plot.3.4.0.dylib */,
				6F795FEC21688F330090F5CA /* libopencv_reg.3.4.0.dylib */,
				6F795FE821688F320090F5CA /* libopencv_rgbd.3.4.0.dylib */,
				6F795FA321688F280090F5CA /* libopencv_saliency.3.4.0.dylib */,
				6F795F9E21688F280090F5CA /* libopencv_shape.3.4.0.dylib */,
				6F795FB121688F2A0090F5CA /* libopencv_stereo.3.4.0.dylib */,
				6F795FD821688F2F0090F5CA /* libopencv_stitching.3.4.0.dylib */,
				6F795F9D21688F280090F5CA /* libopencv_structured_light.3.4.0.dylib */,
				6F795FD921688F2F0090F5CA /* libopencv_superres.3.4.0.dylib */,
				6F795F9F21688F280090F5CA /* libopencv_surface_matching.3.4.0.dylib */,
				6F795FDE21688F300090F5CA /* libopencv_text.3.4.0.dylib */,
				6F795FD021688F2D0090F5CA /* libopencv_tracking.3.4.0.dylib */,
				6F795FA621688F290090F5CA /* libopencv_video.3.4.0.dylib */,
				6F795FDC21688F300090F5CA /* libopencv_videoio.3.4.0.dylib */,
				6F795FBB21688F2B0090F5CA /* libopencv_videostab.3.4.0.dylib */,
				6F795FAC21688F290090F5CA /* libopencv_xfeatures2d.3.4.0.dylib */,
				6F795FA421688F290090F5CA /* libopencv_ximgproc.3.4.0.dylib */,
				6F795FB721688F2B0090F5CA /* libopencv_xobjdetect.3.4.0.dylib */,
				6F795FDD21688F300090F5CA /* libopencv_xphoto.3.4.0.dylib */,
				6F795F9621688E8E0090F5CA /* libopencv_aruco.3.4.0.dylib */,
				6F795F7A216878FB0090F5CA /* mac_action_recognition */,
				6F795F79216878FB0090F5CA /* Products */,
			);
			sourceTree = "<group>";
		};
		6F795F79216878FB0090F5CA /* Products */ = {
			isa = PBXGroup;
			children = (
				6F795F78216878FB0090F5CA /* mac_action_recognition */,
			);
			name = Products;
			sourceTree = "<group>";
		};
		6F795F7A216878FB0090F5CA /* mac_action_recognition */ = {
			isa = PBXGroup;
			children = (
				6F795F8921687AB40090F5CA /* Source */,
				6F795F83216879ED0090F5CA /* Header */,
				6F795F7B216878FB0090F5CA /* main.cpp */,
			);
			path = mac_action_recognition;
			sourceTree = "<group>";
		};
		6F795F83216879ED0090F5CA /* Header */ = {
			isa = PBXGroup;
			children = (
				6F795F8421687A140090F5CA /* action_recognition.h */,
				6F795F8521687A460090F5CA /* CvHMM.h */,
				6F795F8621687A6F0090F5CA /* util.h */,
				6F795F8721687A820090F5CA /* Vibe.h */,
				6F795F8821687AA40090F5CA /* ZernikeMoment.h */,
			);
			path = Header;
			sourceTree = "<group>";
		};
		6F795F8921687AB40090F5CA /* Source */ = {
			isa = PBXGroup;
			children = (
				6F795F8A21687AD60090F5CA /* action_recognition.cpp */,
				6F795F8D21687B280090F5CA /* util.cpp */,
				6F795F9021687B4E0090F5CA /* Vibe.cpp */,
				6F795F9321687B6C0090F5CA /* ZernikeMoment.cpp */,
			);
			path = Source;
			sourceTree = "<group>";
		};
/* End PBXGroup section */

/* Begin PBXNativeTarget section */
		6F795F77216878FB0090F5CA /* mac_action_recognition */ = {
			isa = PBXNativeTarget;
			buildConfigurationList = 6F795F7F216878FB0090F5CA /* Build configuration list for PBXNativeTarget "mac_action_recognition" */;
			buildPhases = (
				6F795F74216878FB0090F5CA /* Sources */,
				6F795F75216878FB0090F5CA /* Frameworks */,
				6F795F76216878FB0090F5CA /* CopyFiles */,
			);
			buildRules = (
			);
			dependencies = (
			);
			name = mac_action_recognition;
			productName = mac_action_recognition;
			productReference = 6F795F78216878FB0090F5CA /* mac_action_recognition */;
			productType = "com.apple.product-type.tool";
		};
/* End PBXNativeTarget section */

/* Begin PBXProject section */
		6F795F70216878FB0090F5CA /* Project object */ = {
			isa = PBXProject;
			attributes = {
				LastUpgradeCheck = 1000;
				ORGANIZATIONNAME = Ddd;
				TargetAttributes = {
					6F795F77216878FB0090F5CA = {
						CreatedOnToolsVersion = 10.0;
					};
				};
			};
			buildConfigurationList = 6F795F73216878FB0090F5CA /* Build configuration list for PBXProject "mac_action_recognition" */;
			compatibilityVersion = "Xcode 9.3";
			developmentRegion = en;
			hasScannedForEncodings = 0;
			knownRegions = (
				en,
			);
			mainGroup = 6F795F6F216878FB0090F5CA;
			productRefGroup = 6F795F79216878FB0090F5CA /* Products */;
			projectDirPath = "";
			projectRoot = "";
			targets = (
				6F795F77216878FB0090F5CA /* mac_action_recognition */,
			);
		};
/* End PBXProject section */

/* Begin PBXSourcesBuildPhase section */
		6F795F74216878FB0090F5CA /* Sources */ = {
			isa = PBXSourcesBuildPhase;
			buildActionMask = 2147483647;
			files = (
				6F795F9521687B6C0090F5CA /* ZernikeMoment.cpp in Sources */,
				6F795F7C216878FB0090F5CA /* main.cpp in Sources */,
				6F795F8C21687AD60090F5CA /* action_recognition.cpp in Sources */,
				6F795F8F21687B280090F5CA /* util.cpp in Sources */,
				6F795F9221687B4E0090F5CA /* Vibe.cpp in Sources */,
			);
			runOnlyForDeploymentPostprocessing = 0;
		};
/* End PBXSourcesBuildPhase section */

/* Begin XCBuildConfiguration section */
		6F795F7D216878FB0090F5CA /* Debug */ = {
			isa = XCBuildConfiguration;
			buildSettings = {
				ALWAYS_SEARCH_USER_PATHS = NO;
				CLANG_ANALYZER_NONNULL = YES;
				CLANG_ANALYZER_NUMBER_OBJECT_CONVERSION = YES_AGGRESSIVE;
				CLANG_CXX_LANGUAGE_STANDARD = "gnu++14";
				CLANG_CXX_LIBRARY = "libc++";
				CLANG_ENABLE_MODULES = YES;
				CLANG_ENABLE_OBJC_ARC = YES;
				CLANG_ENABLE_OBJC_WEAK = YES;
				CLANG_WARN_BLOCK_CAPTURE_AUTORELEASING = YES;
				CLANG_WARN_BOOL_CONVERSION = YES;
				CLANG_WARN_COMMA = YES;
				CLANG_WARN_CONSTANT_CONVERSION = YES;
				CLANG_WARN_DEPRECATED_OBJC_IMPLEMENTATIONS = YES;
				CLANG_WARN_DIRECT_OBJC_ISA_USAGE = YES_ERROR;
				CLANG_WARN_DOCUMENTATION_COMMENTS = YES;
				CLANG_WARN_EMPTY_BODY = YES;
				CLANG_WARN_ENUM_CONVERSION = YES;
				CLANG_WARN_INFINITE_RECURSION = YES;
				CLANG_WARN_INT_CONVERSION = YES;
				CLANG_WARN_NON_LITERAL_NULL_CONVERSION = YES;
				CLANG_WARN_OBJC_IMPLICIT_RETAIN_SELF = YES;
				CLANG_WARN_OBJC_LITERAL_CONVERSION = YES;
				CLANG_WARN_OBJC_ROOT_CLASS = YES_ERROR;
				CLANG_WARN_RANGE_LOOP_ANALYSIS = YES;
				CLANG_WARN_STRICT_PROTOTYPES = YES;
				CLANG_WARN_SUSPICIOUS_MOVE = YES;
				CLANG_WARN_UNGUARDED_AVAILABILITY = YES_AGGRESSIVE;
				CLANG_WARN_UNREACHABLE_CODE = YES;
				CLANG_WARN__DUPLICATE_METHOD_MATCH = YES;
				CODE_SIGN_IDENTITY = "-";
				COPY_PHASE_STRIP = NO;
				DEBUG_INFORMATION_FORMAT = dwarf;
				ENABLE_STRICT_OBJC_MSGSEND = YES;
				ENABLE_TESTABILITY = YES;
				GCC_C_LANGUAGE_STANDARD = gnu11;
				GCC_DYNAMIC_NO_PIC = NO;
				GCC_NO_COMMON_BLOCKS = YES;
				GCC_OPTIMIZATION_LEVEL = 0;
				GCC_PREPROCESSOR_DEFINITIONS = (
					"DEBUG=1",
					"$(inherited)",
				);
				GCC_WARN_64_TO_32_BIT_CONVERSION = YES;
				GCC_WARN_ABOUT_RETURN_TYPE = YES_ERROR;
				GCC_WARN_UNDECLARED_SELECTOR = YES;
				GCC_WARN_UNINITIALIZED_AUTOS = YES_AGGRESSIVE;
				GCC_WARN_UNUSED_FUNCTION = YES;
				GCC_WARN_UNUSED_VARIABLE = YES;
				MACOSX_DEPLOYMENT_TARGET = 10.13;
				MTL_ENABLE_DEBUG_INFO = INCLUDE_SOURCE;
				MTL_FAST_MATH = YES;
				ONLY_ACTIVE_ARCH = YES;
				SDKROOT = macosx;
			};
			name = Debug;
		};
		6F795F7E216878FB0090F5CA /* Release */ = {
			isa = XCBuildConfiguration;
			buildSettings = {
				ALWAYS_SEARCH_USER_PATHS = NO;
				CLANG_ANALYZER_NONNULL = YES;
				CLANG_ANALYZER_NUMBER_OBJECT_CONVERSION = YES_AGGRESSIVE;
				CLANG_CXX_LANGUAGE_STANDARD = "gnu++14";
				CLANG_CXX_LIBRARY = "libc++";
				CLANG_ENABLE_MODULES = YES;
				CLANG_ENABLE_OBJC_ARC = YES;
				CLANG_ENABLE_OBJC_WEAK = YES;
				CLANG_WARN_BLOCK_CAPTURE_AUTORELEASING = YES;
				CLANG_WARN_BOOL_CONVERSION = YES;
				CLANG_WARN_COMMA = YES;
				CLANG_WARN_CONSTANT_CONVERSION = YES;
				CLANG_WARN_DEPRECATED_OBJC_IMPLEMENTATIONS = YES;
				CLANG_WARN_DIRECT_OBJC_ISA_USAGE = YES_ERROR;
				CLANG_WARN_DOCUMENTATION_COMMENTS = YES;
				CLANG_WARN_EMPTY_BODY = YES;
				CLANG_WARN_ENUM_CONVERSION = YES;
				CLANG_WARN_INFINITE_RECURSION = YES;
				CLANG_WARN_INT_CONVERSION = YES;
				CLANG_WARN_NON_LITERAL_NULL_CONVERSION = YES;
				CLANG_WARN_OBJC_IMPLICIT_RETAIN_SELF = YES;
				CLANG_WARN_OBJC_LITERAL_CONVERSION = YES;
				CLANG_WARN_OBJC_ROOT_CLASS = YES_ERROR;
				CLANG_WARN_RANGE_LOOP_ANALYSIS = YES;
				CLANG_WARN_STRICT_PROTOTYPES = YES;
				CLANG_WARN_SUSPICIOUS_MOVE = YES;
				CLANG_WARN_UNGUARDED_AVAILABILITY = YES_AGGRESSIVE;
				CLANG_WARN_UNREACHABLE_CODE = YES;
				CLANG_WARN__DUPLICATE_METHOD_MATCH = YES;
				CODE_SIGN_IDENTITY = "-";
				COPY_PHASE_STRIP = NO;
				DEBUG_INFORMATION_FORMAT = "dwarf-with-dsym";
				ENABLE_NS_ASSERTIONS = NO;
				ENABLE_STRICT_OBJC_MSGSEND = YES;
				GCC_C_LANGUAGE_STANDARD = gnu11;
				GCC_NO_COMMON_BLOCKS = YES;
				GCC_WARN_64_TO_32_BIT_CONVERSION = YES;
				GCC_WARN_ABOUT_RETURN_TYPE = YES_ERROR;
				GCC_WARN_UNDECLARED_SELECTOR = YES;
				GCC_WARN_UNINITIALIZED_AUTOS = YES_AGGRESSIVE;
				GCC_WARN_UNUSED_FUNCTION = YES;
				GCC_WARN_UNUSED_VARIABLE = YES;
				MACOSX_DEPLOYMENT_TARGET = 10.13;
				MTL_ENABLE_DEBUG_INFO = NO;
				MTL_FAST_MATH = YES;
				SDKROOT = macosx;
			};
			name = Release;
		};
		6F795F80216878FB0090F5CA /* Debug */ = {
			isa = XCBuildConfiguration;
			buildSettings = {
				CODE_SIGN_STYLE = Automatic;
				HEADER_SEARCH_PATHS = /usr/local/include;
				"HEADER_SEARCH_PATHS[arch=*]" = /usr/local/include;
				LIBRARY_SEARCH_PATHS = /usr/local/Cellar/opencv/3.4.0/lib;
				"OTHER_LDFLAGS[arch=*]" = "";
				PRODUCT_NAME = "$(TARGET_NAME)";
			};
			name = Debug;
		};
		6F795F81216878FB0090F5CA /* Release */ = {
			isa = XCBuildConfiguration;
			buildSettings = {
				CODE_SIGN_STYLE = Automatic;
				HEADER_SEARCH_PATHS = /usr/local/include;
				"HEADER_SEARCH_PATHS[arch=*]" = /usr/local/include;
				LIBRARY_SEARCH_PATHS = /usr/local/lib;
				PRODUCT_NAME = "$(TARGET_NAME)";
			};
			name = Release;
		};
/* End XCBuildConfiguration section */

/* Begin XCConfigurationList section */
		6F795F73216878FB0090F5CA /* Build configuration list for PBXProject "mac_action_recognition" */ = {
			isa = XCConfigurationList;
			buildConfigurations = (
				6F795F7D216878FB0090F5CA /* Debug */,
				6F795F7E216878FB0090F5CA /* Release */,
			);
			defaultConfigurationIsVisible = 0;
			defaultConfigurationName = Release;
		};
		6F795F7F216878FB0090F5CA /* Build configuration list for PBXNativeTarget "mac_action_recognition" */ = {
			isa = XCConfigurationList;
			buildConfigurations = (
				6F795F80216878FB0090F5CA /* Debug */,
				6F795F81216878FB0090F5CA /* Release */,
			);
			defaultConfigurationIsVisible = 0;
			defaultConfigurationName = Release;
		};
/* End XCConfigurationList section */
	};
	rootObject = 6F795F70216878FB0090F5CA /* Project object */;
}
